
Microsoft Visual Studio Solution File, Format Version 12.00
# Visual Studio 15
VisualStudioVersion = 15.0.26430.16
MinimumVisualStudioVersion = 10.0.40219.1
Project("{FAE04EC0-301F-11D3-BF4B-00C04F79EFBC}") = "TestRestXamarin.Android", "TestRestXamarin\TestRestXamarin.Android\TestRestXamarin.Android.csproj", "{B4A6496D-2CBA-48FC-884E-3A7E782E8EFC}"
EndProject
Project("{FAE04EC0-301F-11D3-BF4B-00C04F79EFBC}") = "TestRestXamarin", "TestRestXamarin\TestRestXamarin\TestRestXamarin.csproj", "{7ADAD5CA-316C-4119-A551-5CBC3373D134}"
EndProject
Project("{FAE04EC0-301F-11D3-BF4B-00C04F79EFBC}") = "TestRestXamarin.UWP", "TestRestXamarin\TestRestXamarin.UWP\TestRestXamarin.UWP.csproj", "{87333AE3-1455-4363-A7DE-6D8BCEF6F065}"
EndProject
Project("{FAE04EC0-301F-11D3-BF4B-00C04F79EFBC}") = "TestRestXamarin.iOS", "TestRestXamarin\TestRestXamarin.iOS\TestRestXamarin.iOS.csproj", "{FA238B11-92C6-430F-856D-0551A9B0726B}"
EndProject
Global
	GlobalSection(SolutionConfigurationPlatforms) = preSolution
		Ad-Hoc|Any CPU = Ad-Hoc|Any CPU
		Ad-Hoc|ARM = Ad-Hoc|ARM
		Ad-Hoc|iPhone = Ad-Hoc|iPhone
		Ad-Hoc|iPhoneSimulator = Ad-Hoc|iPhoneSimulator
		Ad-Hoc|x64 = Ad-Hoc|x64
		Ad-Hoc|x86 = Ad-Hoc|x86
		AppStore|Any CPU = AppStore|Any CPU
		AppStore|ARM = AppStore|ARM
		AppStore|iPhone = AppStore|iPhone
		AppStore|iPhoneSimulator = AppStore|iPhoneSimulator
		AppStore|x64 = AppStore|x64
		AppStore|x86 = AppStore|x86
		Debug|Any CPU = Debug|Any CPU
		Debug|ARM = Debug|ARM
		Debug|iPhone = Debug|iPhone
		Debug|iPhoneSimulator = Debug|iPhoneSimulator
		Debug|x64 = Debug|x64
		Debug|x86 = Debug|x86
		Release|Any CPU = Release|Any CPU
		Release|ARM = Release|ARM
		Release|iPhone = Release|iPhone
		Release|iPhoneSimulator = Release|iPhoneSimulator
		Release|x64 = Release|x64
		Release|x86 = Release|x86
	EndGlobalSection
	GlobalSection(ProjectConfigurationPlatforms) = postSolution
		{B4A6496D-2CBA-48FC-884E-3A7E782E8EFC}.Ad-Hoc|Any CPU.ActiveCfg = Release|Any CPU
		{B4A6496D-2CBA-48FC-884E-3A7E782E8EFC}.Ad-Hoc|Any CPU.Build.0 = Release|Any CPU
		{B4A6496D-2CBA-48FC-884E-3A7E782E8EFC}.Ad-Hoc|Any CPU.Deploy.0 = Release|Any CPU
		{B4A6496D-2CBA-48FC-884E-3A7E782E8EFC}.Ad-Hoc|ARM.ActiveCfg = Release|Any CPU
		{B4A6496D-2CBA-48FC-884E-3A7E782E8EFC}.Ad-Hoc|ARM.Build.0 = Release|Any CPU
		{B4A6496D-2CBA-48FC-884E-3A7E782E8EFC}.Ad-Hoc|ARM.Deploy.0 = Release|Any CPU
		{B4A6496D-2CBA-48FC-884E-3A7E782E8EFC}.Ad-Hoc|iPhone.ActiveCfg = Release|Any CPU
		{B4A6496D-2CBA-48FC-884E-3A7E782E8EFC}.Ad-Hoc|iPhone.Build.0 = Release|Any CPU
		{B4A6496D-2CBA-48FC-884E-3A7E782E8EFC}.Ad-Hoc|iPhone.Deploy.0 = Release|Any CPU
		{B4A6496D-2CBA-48FC-884E-3A7E782E8EFC}.Ad-Hoc|iPhoneSimulator.ActiveCfg = Release|Any CPU
		{B4A6496D-2CBA-48FC-884E-3A7E782E8EFC}.Ad-Hoc|iPhoneSimulator.Build.0 = Release|Any CPU
		{B4A6496D-2CBA-48FC-884E-3A7E782E8EFC}.Ad-Hoc|iPhoneSimulator.Deploy.0 = Release|Any CPU
		{B4A6496D-2CBA-48FC-884E-3A7E782E8EFC}.Ad-Hoc|x64.ActiveCfg = Release|Any CPU
		{B4A6496D-2CBA-48FC-884E-3A7E782E8EFC}.Ad-Hoc|x64.Build.0 = Release|Any CPU
		{B4A6496D-2CBA-48FC-884E-3A7E782E8EFC}.Ad-Hoc|x64.Deploy.0 = Release|Any CPU
		{B4A6496D-2CBA-48FC-884E-3A7E782E8EFC}.Ad-Hoc|x86.ActiveCfg = Release|Any CPU
		{B4A6496D-2CBA-48FC-884E-3A7E782E8EFC}.Ad-Hoc|x86.Build.0 = Release|Any CPU
		{B4A6496D-2CBA-48FC-884E-3A7E782E8EFC}.Ad-Hoc|x86.Deploy.0 = Release|Any CPU
		{B4A6496D-2CBA-48FC-884E-3A7E782E8EFC}.AppStore|Any CPU.ActiveCfg = Release|Any CPU
		{B4A6496D-2CBA-48FC-884E-3A7E782E8EFC}.AppStore|Any CPU.Build.0 = Release|Any CPU
		{B4A6496D-2CBA-48FC-884E-3A7E782E8EFC}.AppStore|Any CPU.Deploy.0 = Release|Any CPU
		{B4A6496D-2CBA-48FC-884E-3A7E782E8EFC}.AppStore|ARM.ActiveCfg = Release|Any CPU
		{B4A6496D-2CBA-48FC-884E-3A7E782E8EFC}.AppStore|ARM.Build.0 = Release|Any CPU
		{B4A6496D-2CBA-48FC-884E-3A7E782E8EFC}.AppStore|ARM.Deploy.0 = Release|Any CPU
		{B4A6496D-2CBA-48FC-884E-3A7E782E8EFC}.AppStore|iPhone.ActiveCfg = Release|Any CPU
		{B4A6496D-2CBA-48FC-884E-3A7E782E8EFC}.AppStore|iPhone.Build.0 = Release|Any CPU
		{B4A6496D-2CBA-48FC-884E-3A7E782E8EFC}.AppStore|iPhone.Deploy.0 = Release|Any CPU
		{B4A6496D-2CBA-48FC-884E-3A7E782E8EFC}.AppStore|iPhoneSimulator.ActiveCfg = Release|Any CPU
		{B4A6496D-2CBA-48FC-884E-3A7E782E8EFC}.AppStore|iPhoneSimulator.Build.0 = Release|Any CPU
		{B4A6496D-2CBA-48FC-884E-3A7E782E8EFC}.AppStore|iPhoneSimulator.Deploy.0 = Release|Any CPU
		{B4A6496D-2CBA-48FC-884E-3A7E782E8EFC}.AppStore|x64.ActiveCfg = Release|Any CPU
		{B4A6496D-2CBA-48FC-884E-3A7E782E8EFC}.AppStore|x64.Build.0 = Release|Any CPU
		{B4A6496D-2CBA-48FC-884E-3A7E782E8EFC}.AppStore|x64.Deploy.0 = Release|Any CPU
		{B4A6496D-2CBA-48FC-884E-3A7E782E8EFC}.AppStore|x86.ActiveCfg = Release|Any CPU
		{B4A6496D-2CBA-48FC-884E-3A7E782E8EFC}.AppStore|x86.Build.0 = Release|Any CPU
		{B4A6496D-2CBA-48FC-884E-3A7E782E8EFC}.AppStore|x86.Deploy.0 = Release|Any CPU
		{B4A6496D-2CBA-48FC-884E-3A7E782E8EFC}.Debug|Any CPU.ActiveCfg = Debug|Any CPU
		{B4A6496D-2CBA-48FC-884E-3A7E782E8EFC}.Debug|Any CPU.Build.0 = Debug|Any CPU
		{B4A6496D-2CBA-48FC-884E-3A7E782E8EFC}.Debug|Any CPU.Deploy.0 = Debug|Any CPU
		{B4A6496D-2CBA-48FC-884E-3A7E782E8EFC}.Debug|ARM.ActiveCfg = Debug|Any CPU
		{B4A6496D-2CBA-48FC-884E-3A7E782E8EFC}.Debug|ARM.Build.0 = Debug|Any CPU
		{B4A6496D-2CBA-48FC-884E-3A7E782E8EFC}.Debug|ARM.Deploy.0 = Debug|Any CPU
		{B4A6496D-2CBA-48FC-884E-3A7E782E8EFC}.Debug|iPhone.ActiveCfg = Debug|Any CPU
		{B4A6496D-2CBA-48FC-884E-3A7E782E8EFC}.Debug|iPhone.Build.0 = Debug|Any CPU
		{B4A6496D-2CBA-48FC-884E-3A7E782E8EFC}.Debug|iPhone.Deploy.0 = Debug|Any CPU
		{B4A6496D-2CBA-48FC-884E-3A7E782E8EFC}.Debug|iPhoneSimulator.ActiveCfg = Debug|Any CPU
		{B4A6496D-2CBA-48FC-884E-3A7E782E8EFC}.Debug|iPhoneSimulator.Build.0 = Debug|Any CPU
		{B4A6496D-2CBA-48FC-884E-3A7E782E8EFC}.Debug|iPhoneSimulator.Deploy.0 = Debug|Any CPU
		{B4A6496D-2CBA-48FC-884E-3A7E782E8EFC}.Debug|x64.ActiveCfg = Debug|Any CPU
		{B4A6496D-2CBA-48FC-884E-3A7E782E8EFC}.Debug|x64.Build.0 = Debug|Any CPU
		{B4A6496D-2CBA-48FC-884E-3A7E782E8EFC}.Debug|x64.Deploy.0 = Debug|Any CPU
		{B4A6496D-2CBA-48FC-884E-3A7E782E8EFC}.Debug|x86.ActiveCfg = Debug|Any CPU
		{B4A6496D-2CBA-48FC-884E-3A7E782E8EFC}.Debug|x86.Build.0 = Debug|Any CPU
		{B4A6496D-2CBA-48FC-884E-3A7E782E8EFC}.Debug|x86.Deploy.0 = Debug|Any CPU
		{B4A6496D-2CBA-48FC-884E-3A7E782E8EFC}.Release|Any CPU.ActiveCfg = Release|Any CPU
		{B4A6496D-2CBA-48FC-884E-3A7E782E8EFC}.Release|Any CPU.Build.0 = Release|Any CPU
		{B4A6496D-2CBA-48FC-884E-3A7E782E8EFC}.Release|Any CPU.Deploy.0 = Release|Any CPU
		{B4A6496D-2CBA-48FC-884E-3A7E782E8EFC}.Release|ARM.ActiveCfg = Release|Any CPU
		{B4A6496D-2CBA-48FC-884E-3A7E782E8EFC}.Release|ARM.Build.0 = Release|Any CPU
		{B4A6496D-2CBA-48FC-884E-3A7E782E8EFC}.Release|ARM.Deploy.0 = Release|Any CPU
		{B4A6496D-2CBA-48FC-884E-3A7E782E8EFC}.Release|iPhone.ActiveCfg = Release|Any CPU
		{B4A6496D-2CBA-48FC-884E-3A7E782E8EFC}.Release|iPhone.Build.0 = Release|Any CPU
		{B4A6496D-2CBA-48FC-884E-3A7E782E8EFC}.Release|iPhone.Deploy.0 = Release|Any CPU
		{B4A6496D-2CBA-48FC-884E-3A7E782E8EFC}.Release|iPhoneSimulator.ActiveCfg = Release|Any CPU
		{B4A6496D-2CBA-48FC-884E-3A7E782E8EFC}.Release|iPhoneSimulator.Build.0 = Release|Any CPU
		{B4A6496D-2CBA-48FC-884E-3A7E782E8EFC}.Release|iPhoneSimulator.Deploy.0 = Release|Any CPU
		{B4A6496D-2CBA-48FC-884E-3A7E782E8EFC}.Release|x64.ActiveCfg = Release|Any CPU
		{B4A6496D-2CBA-48FC-884E-3A7E782E8EFC}.Release|x64.Build.0 = Release|Any CPU
		{B4A6496D-2CBA-48FC-884E-3A7E782E8EFC}.Release|x64.Deploy.0 = Release|Any CPU
		{B4A6496D-2CBA-48FC-884E-3A7E782E8EFC}.Release|x86.ActiveCfg = Release|Any CPU
		{B4A6496D-2CBA-48FC-884E-3A7E782E8EFC}.Release|x86.Build.0 = Release|Any CPU
		{B4A6496D-2CBA-48FC-884E-3A7E782E8EFC}.Release|x86.Deploy.0 = Release|Any CPU
		{7ADAD5CA-316C-4119-A551-5CBC3373D134}.Ad-Hoc|Any CPU.ActiveCfg = Release|Any CPU
		{7ADAD5CA-316C-4119-A551-5CBC3373D134}.Ad-Hoc|Any CPU.Build.0 = Release|Any CPU
		{7ADAD5CA-316C-4119-A551-5CBC3373D134}.Ad-Hoc|ARM.ActiveCfg = Release|Any CPU
		{7ADAD5CA-316C-4119-A551-5CBC3373D134}.Ad-Hoc|ARM.Build.0 = Release|Any CPU
		{7ADAD5CA-316C-4119-A551-5CBC3373D134}.Ad-Hoc|iPhone.ActiveCfg = Release|Any CPU
		{7ADAD5CA-316C-4119-A551-5CBC3373D134}.Ad-Hoc|iPhone.Build.0 = Release|Any CPU
		{7ADAD5CA-316C-4119-A551-5CBC3373D134}.Ad-Hoc|iPhoneSimulator.ActiveCfg = Release|Any CPU
		{7ADAD5CA-316C-4119-A551-5CBC3373D134}.Ad-Hoc|iPhoneSimulator.Build.0 = Release|Any CPU
		{7ADAD5CA-316C-4119-A551-5CBC3373D134}.Ad-Hoc|x64.ActiveCfg = Release|Any CPU
		{7ADAD5CA-316C-4119-A551-5CBC3373D134}.Ad-Hoc|x64.Build.0 = Release|Any CPU
		{7ADAD5CA-316C-4119-A551-5CBC3373D134}.Ad-Hoc|x86.ActiveCfg = Release|Any CPU
		{7ADAD5CA-316C-4119-A551-5CBC3373D134}.Ad-Hoc|x86.Build.0 = Release|Any CPU
		{7ADAD5CA-316C-4119-A551-5CBC3373D134}.AppStore|Any CPU.ActiveCfg = Release|Any CPU
		{7ADAD5CA-316C-4119-A551-5CBC3373D134}.AppStore|Any CPU.Build.0 = Release|Any CPU
		{7ADAD5CA-316C-4119-A551-5CBC3373D134}.AppStore|ARM.ActiveCfg = Release|Any CPU
		{7ADAD5CA-316C-4119-A551-5CBC3373D134}.AppStore|ARM.Build.0 = Release|Any CPU
		{7ADAD5CA-316C-4119-A551-5CBC3373D134}.AppStore|iPhone.ActiveCfg = Release|Any CPU
		{7ADAD5CA-316C-4119-A551-5CBC3373D134}.AppStore|iPhone.Build.0 = Release|Any CPU
		{7ADAD5CA-316C-4119-A551-5CBC3373D134}.AppStore|iPhoneSimulator.ActiveCfg = Release|Any CPU
		{7ADAD5CA-316C-4119-A551-5CBC3373D134}.AppStore|iPhoneSimulator.Build.0 = Release|Any CPU
		{7ADAD5CA-316C-4119-A551-5CBC3373D134}.AppStore|x64.ActiveCfg = Release|Any CPU
		{7ADAD5CA-316C-4119-A551-5CBC3373D134}.AppStore|x64.Build.0 = Release|Any CPU
		{7ADAD5CA-316C-4119-A551-5CBC3373D134}.AppStore|x86.ActiveCfg = Release|Any CPU
		{7ADAD5CA-316C-4119-A551-5CBC3373D134}.AppStore|x86.Build.0 = Release|Any CPU
		{7ADAD5CA-316C-4119-A551-5CBC3373D134}.Debug|Any CPU.ActiveCfg = Debug|Any CPU
		{7ADAD5CA-316C-4119-A551-5CBC3373D134}.Debug|Any CPU.Build.0 = Debug|Any CPU
		{7ADAD5CA-316C-4119-A551-5CBC3373D134}.Debug|ARM.ActiveCfg = Debug|Any CPU
		{7ADAD5CA-316C-4119-A551-5CBC3373D134}.Debug|ARM.Build.0 = Debug|Any CPU
		{7ADAD5CA-316C-4119-A551-5CBC3373D134}.Debug|iPhone.ActiveCfg = Debug|Any CPU
		{7ADAD5CA-316C-4119-A551-5CBC3373D134}.Debug|iPhone.Build.0 = Debug|Any CPU
		{7ADAD5CA-316C-4119-A551-5CBC3373D134}.Debug|iPhoneSimulator.ActiveCfg = Debug|Any CPU
		{7ADAD5CA-316C-4119-A551-5CBC3373D134}.Debug|iPhoneSimulator.Build.0 = Debug|Any CPU
		{7ADAD5CA-316C-4119-A551-5CBC3373D134}.Debug|x64.ActiveCfg = Debug|Any CPU
		{7ADAD5CA-316C-4119-A551-5CBC3373D134}.Debug|x64.Build.0 = Debug|Any CPU
		{7ADAD5CA-316C-4119-A551-5CBC3373D134}.Debug|x86.ActiveCfg = Debug|Any CPU
		{7ADAD5CA-316C-4119-A551-5CBC3373D134}.Debug|x86.Build.0 = Debug|Any CPU
		{7ADAD5CA-316C-4119-A551-5CBC3373D134}.Release|Any CPU.ActiveCfg = Release|Any CPU
		{7ADAD5CA-316C-4119-A551-5CBC3373D134}.Release|Any CPU.Build.0 = Release|Any CPU
		{7ADAD5CA-316C-4119-A551-5CBC3373D134}.Release|ARM.ActiveCfg = Release|Any CPU
		{7ADAD5CA-316C-4119-A551-5CBC3373D134}.Release|ARM.Build.0 = Release|Any CPU
		{7ADAD5CA-316C-4119-A551-5CBC3373D134}.Release|iPhone.ActiveCfg = Release|Any CPU
		{7ADAD5CA-316C-4119-A551-5CBC3373D134}.Release|iPhone.Build.0 = Release|Any CPU
		{7ADAD5CA-316C-4119-A551-5CBC3373D134}.Release|iPhoneSimulator.ActiveCfg = Release|Any CPU
		{7ADAD5CA-316C-4119-A551-5CBC3373D134}.Release|iPhoneSimulator.Build.0 = Release|Any CPU
		{7ADAD5CA-316C-4119-A551-5CBC3373D134}.Release|x64.ActiveCfg = Release|Any CPU
		{7ADAD5CA-316C-4119-A551-5CBC3373D134}.Release|x64.Build.0 = Release|Any CPU
		{7ADAD5CA-316C-4119-A551-5CBC3373D134}.Release|x86.ActiveCfg = Release|Any CPU
		{7ADAD5CA-316C-4119-A551-5CBC3373D134}.Release|x86.Build.0 = Release|Any CPU
		{87333AE3-1455-4363-A7DE-6D8BCEF6F065}.Ad-Hoc|Any CPU.ActiveCfg = Release|x86
		{87333AE3-1455-4363-A7DE-6D8BCEF6F065}.Ad-Hoc|Any CPU.Build.0 = Release|x86
		{87333AE3-1455-4363-A7DE-6D8BCEF6F065}.Ad-Hoc|Any CPU.Deploy.0 = Release|x86
		{87333AE3-1455-4363-A7DE-6D8BCEF6F065}.Ad-Hoc|ARM.ActiveCfg = Release|ARM
		{87333AE3-1455-4363-A7DE-6D8BCEF6F065}.Ad-Hoc|ARM.Build.0 = Release|ARM
		{87333AE3-1455-4363-A7DE-6D8BCEF6F065}.Ad-Hoc|ARM.Deploy.0 = Release|ARM
		{87333AE3-1455-4363-A7DE-6D8BCEF6F065}.Ad-Hoc|iPhone.ActiveCfg = Release|x86
		{87333AE3-1455-4363-A7DE-6D8BCEF6F065}.Ad-Hoc|iPhone.Build.0 = Release|x86
		{87333AE3-1455-4363-A7DE-6D8BCEF6F065}.Ad-Hoc|iPhone.Deploy.0 = Release|x86
		{87333AE3-1455-4363-A7DE-6D8BCEF6F065}.Ad-Hoc|iPhoneSimulator.ActiveCfg = Release|x86
		{87333AE3-1455-4363-A7DE-6D8BCEF6F065}.Ad-Hoc|iPhoneSimulator.Build.0 = Release|x86
		{87333AE3-1455-4363-A7DE-6D8BCEF6F065}.Ad-Hoc|iPhoneSimulator.Deploy.0 = Release|x86
		{87333AE3-1455-4363-A7DE-6D8BCEF6F065}.Ad-Hoc|x64.ActiveCfg = Release|x64
		{87333AE3-1455-4363-A7DE-6D8BCEF6F065}.Ad-Hoc|x64.Build.0 = Release|x64
		{87333AE3-1455-4363-A7DE-6D8BCEF6F065}.Ad-Hoc|x64.Deploy.0 = Release|x64
		{87333AE3-1455-4363-A7DE-6D8BCEF6F065}.Ad-Hoc|x86.ActiveCfg = Release|x86
		{87333AE3-1455-4363-A7DE-6D8BCEF6F065}.Ad-Hoc|x86.Build.0 = Release|x86
		{87333AE3-1455-4363-A7DE-6D8BCEF6F065}.Ad-Hoc|x86.Deploy.0 = Release|x86
		{87333AE3-1455-4363-A7DE-6D8BCEF6F065}.AppStore|Any CPU.ActiveCfg = Release|x86
		{87333AE3-1455-4363-A7DE-6D8BCEF6F065}.AppStore|Any CPU.Build.0 = Release|x86
		{87333AE3-1455-4363-A7DE-6D8BCEF6F065}.AppStore|Any CPU.Deploy.0 = Release|x86
		{87333AE3-1455-4363-A7DE-6D8BCEF6F065}.AppStore|ARM.ActiveCfg = Release|ARM
		{87333AE3-1455-4363-A7DE-6D8BCEF6F065}.AppStore|ARM.Build.0 = Release|ARM
		{87333AE3-1455-4363-A7DE-6D8BCEF6F065}.AppStore|ARM.Deploy.0 = Release|ARM
		{87333AE3-1455-4363-A7DE-6D8BCEF6F065}.AppStore|iPhone.ActiveCfg = Release|x86
		{87333AE3-1455-4363-A7DE-6D8BCEF6F065}.AppStore|iPhone.Build.0 = Release|x86
		{87333AE3-1455-4363-A7DE-6D8BCEF6F065}.AppStore|iPhone.Deploy.0 = Release|x86
		{87333AE3-1455-4363-A7DE-6D8BCEF6F065}.AppStore|iPhoneSimulator.ActiveCfg = Release|x86
		{87333AE3-1455-4363-A7DE-6D8BCEF6F065}.AppStore|iPhoneSimulator.Build.0 = Release|x86
		{87333AE3-1455-4363-A7DE-6D8BCEF6F065}.AppStore|iPhoneSimulator.Deploy.0 = Release|x86
		{87333AE3-1455-4363-A7DE-6D8BCEF6F065}.AppStore|x64.ActiveCfg = Release|x64
		{87333AE3-1455-4363-A7DE-6D8BCEF6F065}.AppStore|x64.Build.0 = Release|x64
		{87333AE3-1455-4363-A7DE-6D8BCEF6F065}.AppStore|x64.Deploy.0 = Release|x64
		{87333AE3-1455-4363-A7DE-6D8BCEF6F065}.AppStore|x86.ActiveCfg = Release|x86
		{87333AE3-1455-4363-A7DE-6D8BCEF6F065}.AppStore|x86.Build.0 = Release|x86
		{87333AE3-1455-4363-A7DE-6D8BCEF6F065}.AppStore|x86.Deploy.0 = Release|x86
		{87333AE3-1455-4363-A7DE-6D8BCEF6F065}.Debug|Any CPU.ActiveCfg = Debug|x86
		{87333AE3-1455-4363-A7DE-6D8BCEF6F065}.Debug|ARM.ActiveCfg = Debug|ARM
		{87333AE3-1455-4363-A7DE-6D8BCEF6F065}.Debug|ARM.Build.0 = Debug|ARM
		{87333AE3-1455-4363-A7DE-6D8BCEF6F065}.Debug|ARM.Deploy.0 = Debug|ARM
		{87333AE3-1455-4363-A7DE-6D8BCEF6F065}.Debug|iPhone.ActiveCfg = Debug|x86
		{87333AE3-1455-4363-A7DE-6D8BCEF6F065}.Debug|iPhoneSimulator.ActiveCfg = Debug|x86
		{87333AE3-1455-4363-A7DE-6D8BCEF6F065}.Debug|x64.ActiveCfg = Debug|x64
		{87333AE3-1455-4363-A7DE-6D8BCEF6F065}.Debug|x64.Build.0 = Debug|x64
		{87333AE3-1455-4363-A7DE-6D8BCEF6F065}.Debug|x64.Deploy.0 = Debug|x64
		{87333AE3-1455-4363-A7DE-6D8BCEF6F065}.Debug|x86.ActiveCfg = Debug|x86
		{87333AE3-1455-4363-A7DE-6D8BCEF6F065}.Debug|x86.Build.0 = Debug|x86
		{87333AE3-1455-4363-A7DE-6D8BCEF6F065}.Debug|x86.Deploy.0 = Debug|x86
		{87333AE3-1455-4363-A7DE-6D8BCEF6F065}.Release|Any CPU.ActiveCfg = Release|x86
		{87333AE3-1455-4363-A7DE-6D8BCEF6F065}.Release|ARM.ActiveCfg = Release|ARM
		{87333AE3-1455-4363-A7DE-6D8BCEF6F065}.Release|ARM.Build.0 = Release|ARM
		{87333AE3-1455-4363-A7DE-6D8BCEF6F065}.Release|ARM.Deploy.0 = Release|ARM
		{87333AE3-1455-4363-A7DE-6D8BCEF6F065}.Release|iPhone.ActiveCfg = Release|x86
		{87333AE3-1455-4363-A7DE-6D8BCEF6F065}.Release|iPhoneSimulator.ActiveCfg = Release|x86
		{87333AE3-1455-4363-A7DE-6D8BCEF6F065}.Release|x64.ActiveCfg = Release|x64
		{87333AE3-1455-4363-A7DE-6D8BCEF6F065}.Release|x64.Build.0 = Release|x64
		{87333AE3-1455-4363-A7DE-6D8BCEF6F065}.Release|x64.Deploy.0 = Release|x64
		{87333AE3-1455-4363-A7DE-6D8BCEF6F065}.Release|x86.ActiveCfg = Release|x86
		{87333AE3-1455-4363-A7DE-6D8BCEF6F065}.Release|x86.Build.0 = Release|x86
		{87333AE3-1455-4363-A7DE-6D8BCEF6F065}.Release|x86.Deploy.0 = Release|x86
		{FA238B11-92C6-430F-856D-0551A9B0726B}.Ad-Hoc|Any CPU.ActiveCfg = Ad-Hoc|iPhone
		{FA238B11-92C6-430F-856D-0551A9B0726B}.Ad-Hoc|ARM.ActiveCfg = Ad-Hoc|iPhone
		{FA238B11-92C6-430F-856D-0551A9B0726B}.Ad-Hoc|iPhone.ActiveCfg = Ad-Hoc|iPhone
		{FA238B11-92C6-430F-856D-0551A9B0726B}.Ad-Hoc|iPhone.Build.0 = Ad-Hoc|iPhone
		{FA238B11-92C6-430F-856D-0551A9B0726B}.Ad-Hoc|iPhoneSimulator.ActiveCfg = Ad-Hoc|iPhoneSimulator
		{FA238B11-92C6-430F-856D-0551A9B0726B}.Ad-Hoc|iPhoneSimulator.Build.0 = Ad-Hoc|iPhoneSimulator
		{FA238B11-92C6-430F-856D-0551A9B0726B}.Ad-Hoc|x64.ActiveCfg = Ad-Hoc|iPhone
		{FA238B11-92C6-430F-856D-0551A9B0726B}.Ad-Hoc|x86.ActiveCfg = Ad-Hoc|iPhone
		{FA238B11-92C6-430F-856D-0551A9B0726B}.AppStore|Any CPU.ActiveCfg = AppStore|iPhone
		{FA238B11-92C6-430F-856D-0551A9B0726B}.AppStore|ARM.ActiveCfg = AppStore|iPhone
		{FA238B11-92C6-430F-856D-0551A9B0726B}.AppStore|iPhone.ActiveCfg = AppStore|iPhone
		{FA238B11-92C6-430F-856D-0551A9B0726B}.AppStore|iPhone.Build.0 = AppStore|iPhone
		{FA238B11-92C6-430F-856D-0551A9B0726B}.AppStore|iPhoneSimulator.ActiveCfg = AppStore|iPhoneSimulator
		{FA238B11-92C6-430F-856D-0551A9B0726B}.AppStore|iPhoneSimulator.Build.0 = AppStore|iPhoneSimulator
		{FA238B11-92C6-430F-856D-0551A9B0726B}.AppStore|x64.ActiveCfg = AppStore|iPhone
		{FA238B11-92C6-430F-856D-0551A9B0726B}.AppStore|x86.ActiveCfg = AppStore|iPhone
		{FA238B11-92C6-430F-856D-0551A9B0726B}.Debug|Any CPU.ActiveCfg = Debug|iPhone
		{FA238B11-92C6-430F-856D-0551A9B0726B}.Debug|ARM.ActiveCfg = Debug|iPhone
		{FA238B11-92C6-430F-856D-0551A9B0726B}.Debug|iPhone.ActiveCfg = Debug|iPhone
		{FA238B11-92C6-430F-856D-0551A9B0726B}.Debug|iPhone.Build.0 = Debug|iPhone
		{FA238B11-92C6-430F-856D-0551A9B0726B}.Debug|iPhoneSimulator.ActiveCfg = Debug|iPhoneSimulator
		{FA238B11-92C6-430F-856D-0551A9B0726B}.Debug|iPhoneSimulator.Build.0 = Debug|iPhoneSimulator
		{FA238B11-92C6-430F-856D-0551A9B0726B}.Debug|x64.ActiveCfg = Debug|iPhone
		{FA238B11-92C6-430F-856D-0551A9B0726B}.Debug|x86.ActiveCfg = Debug|iPhone
		{FA238B11-92C6-430F-856D-0551A9B0726B}.Release|Any CPU.ActiveCfg = Release|iPhone
		{FA238B11-92C6-430F-856D-0551A9B0726B}.Release|ARM.ActiveCfg = Release|iPhone
		{FA238B11-92C6-430F-856D-0551A9B0726B}.Release|iPhone.ActiveCfg = Release|iPhone
		{FA238B11-92C6-430F-856D-0551A9B0726B}.Release|iPhone.Build.0 = Release|iPhone
		{FA238B11-92C6-430F-856D-0551A9B0726B}.Release|iPhoneSimulator.ActiveCfg = Release|iPhoneSimulator
		{FA238B11-92C6-430F-856D-0551A9B0726B}.Release|iPhoneSimulator.Build.0 = Release|iPhoneSimulator
		{FA238B11-92C6-430F-856D-0551A9B0726B}.Release|x64.ActiveCfg = Release|iPhone
		{FA238B11-92C6-430F-856D-0551A9B0726B}.Release|x86.ActiveCfg = Release|iPhone
	EndGlobalSection
	GlobalSection(SolutionProperties) = preSolution
		HideSolutionNode = FALSE
	EndGlobalSection
EndGlobal
